
Microsoft Visual Studio Solution File, Format Version 12.00
# Visual Studio Version 16
VisualStudioVersion = 16.0.30503.244
MinimumVisualStudioVersion = 10.0.40219.1
Project("{9A19103F-16F7-4668-BE54-9A1E7A4F7556}") = "ToDo", "ToDo.csproj", "{56DBE0F9-C9BF-490A-B080-45D42F30E3E6}"
EndProject
Project("{9A19103F-16F7-4668-BE54-9A1E7A4F7556}") = "DbToDo", "..\DbToDO\DbToDo.csproj", "{1DE26867-C739-481E-B2C3-58E6F1E7667B}"
EndProject
Global
	GlobalSection(SolutionConfigurationPlatforms) = preSolution
		Debug|Any CPU = Debug|Any CPU
		Release|Any CPU = Release|Any CPU
	EndGlobalSection
	GlobalSection(ProjectConfigurationPlatforms) = postSolution
		{56DBE0F9-C9BF-490A-B080-45D42F30E3E6}.Debug|Any CPU.ActiveCfg = Debug|Any CPU
		{56DBE0F9-C9BF-490A-B080-45D42F30E3E6}.Debug|Any CPU.Build.0 = Debug|Any CPU
		{56DBE0F9-C9BF-490A-B080-45D42F30E3E6}.Release|Any CPU.ActiveCfg = Release|Any CPU
		{56DBE0F9-C9BF-490A-B080-45D42F30E3E6}.Release|Any CPU.Build.0 = Release|Any CPU
		{1DE26867-C739-481E-B2C3-58E6F1E7667B}.Debug|Any CPU.ActiveCfg = Debug|Any CPU
		{1DE26867-C739-481E-B2C3-58E6F1E7667B}.Debug|Any CPU.Build.0 = Debug|Any CPU
		{1DE26867-C739-481E-B2C3-58E6F1E7667B}.Release|Any CPU.ActiveCfg = Release|Any CPU
		{1DE26867-C739-481E-B2C3-58E6F1E7667B}.Release|Any CPU.Build.0 = Release|Any CPU
	EndGlobalSection
	GlobalSection(SolutionProperties) = preSolution
		HideSolutionNode = FALSE
	EndGlobalSection
	GlobalSection(ExtensibilityGlobals) = postSolution
		SolutionGuid = {BE2A5E96-E6E2-4C10-BC37-4F9D16360958}
	EndGlobalSection
EndGlobal
